// !$*UTF8*$!
{
	archiveVersion = 1;
	classes = {
	};
	objectVersion = 56;
	objects = {

/* Begin PBXBuildFile section */
		F2068CEC2B0C53130099EBED /* Yoked_Test_fullApp.swift in Sources */ = {isa = PBXBuildFile; fileRef = F2068CEB2B0C53130099EBED /* Yoked_Test_fullApp.swift */; };
		F2068CF02B0C53160099EBED /* Assets.xcassets in Resources */ = {isa = PBXBuildFile; fileRef = F2068CEF2B0C53160099EBED /* Assets.xcassets */; };
		F2068CF32B0C53160099EBED /* Preview Assets.xcassets in Resources */ = {isa = PBXBuildFile; fileRef = F2068CF22B0C53160099EBED /* Preview Assets.xcassets */; };
		F2068CFA2B0C534E0099EBED /* workoutmodel.swift in Sources */ = {isa = PBXBuildFile; fileRef = F2068CF92B0C534E0099EBED /* workoutmodel.swift */; };
		F2068CFC2B0C53730099EBED /* workoutviewmodel.swift in Sources */ = {isa = PBXBuildFile; fileRef = F2068CFB2B0C53730099EBED /* workoutviewmodel.swift */; };
		F2068CFE2B0C53970099EBED /* workoutview.swift in Sources */ = {isa = PBXBuildFile; fileRef = F2068CFD2B0C53970099EBED /* workoutview.swift */; };
		F2068D002B0C53CD0099EBED /* workoutRowView.swift in Sources */ = {isa = PBXBuildFile; fileRef = F2068CFF2B0C53CD0099EBED /* workoutRowView.swift */; };
		F2068D022B0C53E90099EBED /* addView.swift in Sources */ = {isa = PBXBuildFile; fileRef = F2068D012B0C53E90099EBED /* addView.swift */; };
/* End PBXBuildFile section */

/* Begin PBXFileReference section */
		F2068CE82B0C53130099EBED /* Yoked Test full.app */ = {isa = PBXFileReference; explicitFileType = wrapper.application; includeInIndex = 0; path = "Yoked Test full.app"; sourceTree = BUILT_PRODUCTS_DIR; };
		F2068CEB2B0C53130099EBED /* Yoked_Test_fullApp.swift */ = {isa = PBXFileReference; lastKnownFileType = sourcecode.swift; path = Yoked_Test_fullApp.swift; sourceTree = "<group>"; };
		F2068CEF2B0C53160099EBED /* Assets.xcassets */ = {isa = PBXFileReference; lastKnownFileType = folder.assetcatalog; path = Assets.xcassets; sourceTree = "<group>"; };
		F2068CF22B0C53160099EBED /* Preview Assets.xcassets */ = {isa = PBXFileReference; lastKnownFileType = folder.assetcatalog; path = "Preview Assets.xcassets"; sourceTree = "<group>"; };
		F2068CF92B0C534E0099EBED /* workoutmodel.swift */ = {isa = PBXFileReference; lastKnownFileType = sourcecode.swift; path = workoutmodel.swift; sourceTree = "<group>"; };
		F2068CFB2B0C53730099EBED /* workoutviewmodel.swift */ = {isa = PBXFileReference; lastKnownFileType = sourcecode.swift; path = workoutviewmodel.swift; sourceTree = "<group>"; };
		F2068CFD2B0C53970099EBED /* workoutview.swift */ = {isa = PBXFileReference; lastKnownFileType = sourcecode.swift; path = workoutview.swift; sourceTree = "<group>"; };
		F2068CFF2B0C53CD0099EBED /* workoutRowView.swift */ = {isa = PBXFileReference; lastKnownFileType = sourcecode.swift; path = workoutRowView.swift; sourceTree = "<group>"; };
		F2068D012B0C53E90099EBED /* addView.swift */ = {isa = PBXFileReference; lastKnownFileType = sourcecode.swift; path = addView.swift; sourceTree = "<group>"; };
/* End PBXFileReference section */

/* Begin PBXFrameworksBuildPhase section */
		F2068CE52B0C53130099EBED /* Frameworks */ = {
			isa = PBXFrameworksBuildPhase;
			buildActionMask = 2147483647;
			files = (
			);
			runOnlyForDeploymentPostprocessing = 0;
		};
/* End PBXFrameworksBuildPhase section */

/* Begin PBXGroup section */
		F2068CDF2B0C53130099EBED = {
			isa = PBXGroup;
			children = (
				F2068CEA2B0C53130099EBED /* Yoked Test full */,
				F2068CE92B0C53130099EBED /* Products */,
			);
			sourceTree = "<group>";
		};
		F2068CE92B0C53130099EBED /* Products */ = {
			isa = PBXGroup;
			children = (
				F2068CE82B0C53130099EBED /* Yoked Test full.app */,
			);
			name = Products;
			sourceTree = "<group>";
		};
		F2068CEA2B0C53130099EBED /* Yoked Test full */ = {
			isa = PBXGroup;
			children = (
				F2068CEB2B0C53130099EBED /* Yoked_Test_fullApp.swift */,
				F2068CFD2B0C53970099EBED /* workoutview.swift */,
				F2068CFF2B0C53CD0099EBED /* workoutRowView.swift */,
				F2068D012B0C53E90099EBED /* addView.swift */,
				F2068CEF2B0C53160099EBED /* Assets.xcassets */,
				F2068CF12B0C53160099EBED /* Preview Content */,
				F2068CF92B0C534E0099EBED /* workoutmodel.swift */,
				F2068CFB2B0C53730099EBED /* workoutviewmodel.swift */,
			);
			path = "Yoked Test full";
			sourceTree = "<group>";
		};
		F2068CF12B0C53160099EBED /* Preview Content */ = {
			isa = PBXGroup;
			children = (
				F2068CF22B0C53160099EBED /* Preview Assets.xcassets */,
			);
			path = "Preview Content";
			sourceTree = "<group>";
		};
/* End PBXGroup section */

/* Begin PBXNativeTarget section */
		F2068CE72B0C53130099EBED /* Yoked Test full */ = {
			isa = PBXNativeTarget;
			buildConfigurationList = F2068CF62B0C53160099EBED /* Build configuration list for PBXNativeTarget "Yoked Test full" */;
			buildPhases = (
				F2068CE42B0C53130099EBED /* Sources */,
				F2068CE52B0C53130099EBED /* Frameworks */,
				F2068CE62B0C53130099EBED /* Resources */,
			);
			buildRules = (
			);
			dependencies = (
			);
			name = "Yoked Test full";
			productName = "Yoked Test full";
			productReference = F2068CE82B0C53130099EBED /* Yoked Test full.app */;
			productType = "com.apple.product-type.application";
		};
/* End PBXNativeTarget section */

/* Begin PBXProject section */
		F2068CE02B0C53130099EBED /* Project object */ = {
			isa = PBXProject;
			attributes = {
				BuildIndependentTargetsInParallel = 1;
				LastSwiftUpdateCheck = 1430;
				LastUpgradeCheck = 1430;
				TargetAttributes = {
					F2068CE72B0C53130099EBED = {
						CreatedOnToolsVersion = 14.3.1;
					};
				};
			};
			buildConfigurationList = F2068CE32B0C53130099EBED /* Build configuration list for PBXProject "Yoked Test full" */;
			compatibilityVersion = "Xcode 14.0";
			developmentRegion = en;
			hasScannedForEncodings = 0;
			knownRegions = (
				en,
				Base,
			);
			mainGroup = F2068CDF2B0C53130099EBED;
			productRefGroup = F2068CE92B0C53130099EBED /* Products */;
			projectDirPath = "";
			projectRoot = "";
			targets = (
				F2068CE72B0C53130099EBED /* Yoked Test full */,
			);
		};
/* End PBXProject section */

/* Begin PBXResourcesBuildPhase section */
		F2068CE62B0C53130099EBED /* Resources */ = {
			isa = PBXResourcesBuildPhase;
			buildActionMask = 2147483647;
			files = (
				F2068CF32B0C53160099EBED /* Preview Assets.xcassets in Resources */,
				F2068CF02B0C53160099EBED /* Assets.xcassets in Resources */,
			);
			runOnlyForDeploymentPostprocessing = 0;
		};
/* End PBXResourcesBuildPhase section */

/* Begin PBXSourcesBuildPhase section */
		F2068CE42B0C53130099EBED /* Sources */ = {
			isa = PBXSourcesBuildPhase;
			buildActionMask = 2147483647;
			files = (
				F2068CFC2B0C53730099EBED /* workoutviewmodel.swift in Sources */,
				F2068D002B0C53CD0099EBED /* workoutRowView.swift in Sources */,
				F2068CFA2B0C534E0099EBED /* workoutmodel.swift in Sources */,
				F2068CFE2B0C53970099EBED /* workoutview.swift in Sources */,
				F2068CEC2B0C53130099EBED /* Yoked_Test_fullApp.swift in Sources */,
				F2068D022B0C53E90099EBED /* addView.swift in Sources */,
			);
			runOnlyForDeploymentPostprocessing = 0;
		};
/* End PBXSourcesBuildPhase section */

/* Begin XCBuildConfiguration section */
		F2068CF42B0C53160099EBED /* Debug */ = {
			isa = XCBuildConfiguration;
			buildSettings = {
				ALWAYS_SEARCH_USER_PATHS = NO;
				CLANG_ANALYZER_NONNULL = YES;
				CLANG_ANALYZER_NUMBER_OBJECT_CONVERSION = YES_AGGRESSIVE;
				CLANG_CXX_LANGUAGE_STANDARD = "gnu++20";
				CLANG_ENABLE_MODULES = YES;
				CLANG_ENABLE_OBJC_ARC = YES;
				CLANG_ENABLE_OBJC_WEAK = YES;
				CLANG_WARN_BLOCK_CAPTURE_AUTORELEASING = YES;
				CLANG_WARN_BOOL_CONVERSION = YES;
				CLANG_WARN_COMMA = YES;
				CLANG_WARN_CONSTANT_CONVERSION = YES;
				CLANG_WARN_DEPRECATED_OBJC_IMPLEMENTATIONS = YES;
				CLANG_WARN_DIRECT_OBJC_ISA_USAGE = YES_ERROR;
				CLANG_WARN_DOCUMENTATION_COMMENTS = YES;
				CLANG_WARN_EMPTY_BODY = YES;
				CLANG_WARN_ENUM_CONVERSION = YES;
				CLANG_WARN_INFINITE_RECURSION = YES;
				CLANG_WARN_INT_CONVERSION = YES;
				CLANG_WARN_NON_LITERAL_NULL_CONVERSION = YES;
				CLANG_WARN_OBJC_IMPLICIT_RETAIN_SELF = YES;
				CLANG_WARN_OBJC_LITERAL_CONVERSION = YES;
				CLANG_WARN_OBJC_ROOT_CLASS = YES_ERROR;
				CLANG_WARN_QUOTED_INCLUDE_IN_FRAMEWORK_HEADER = YES;
				CLANG_WARN_RANGE_LOOP_ANALYSIS = YES;
				CLANG_WARN_STRICT_PROTOTYPES = YES;
				CLANG_WARN_SUSPICIOUS_MOVE = YES;
				CLANG_WARN_UNGUARDED_AVAILABILITY = YES_AGGRESSIVE;
				CLANG_WARN_UNREACHABLE_CODE = YES;
				CLANG_WARN__DUPLICATE_METHOD_MATCH = YES;
				COPY_PHASE_STRIP = NO;
				DEBUG_INFORMATION_FORMAT = dwarf;
				ENABLE_STRICT_OBJC_MSGSEND = YES;
				ENABLE_TESTABILITY = YES;
				GCC_C_LANGUAGE_STANDARD = gnu11;
				GCC_DYNAMIC_NO_PIC = NO;
				GCC_NO_COMMON_BLOCKS = YES;
				GCC_OPTIMIZATION_LEVEL = 0;
				GCC_PREPROCESSOR_DEFINITIONS = (
					"DEBUG=1",
					"$(inherited)",
				);
				GCC_WARN_64_TO_32_BIT_CONVERSION = YES;
				GCC_WARN_ABOUT_RETURN_TYPE = YES_ERROR;
				GCC_WARN_UNDECLARED_SELECTOR = YES;
				GCC_WARN_UNINITIALIZED_AUTOS = YES_AGGRESSIVE;
				GCC_WARN_UNUSED_FUNCTION = YES;
				GCC_WARN_UNUSED_VARIABLE = YES;
				IPHONEOS_DEPLOYMENT_TARGET = 16.4;
				MTL_ENABLE_DEBUG_INFO = INCLUDE_SOURCE;
				MTL_FAST_MATH = YES;
				ONLY_ACTIVE_ARCH = YES;
				SDKROOT = iphoneos;
				SWIFT_ACTIVE_COMPILATION_CONDITIONS = DEBUG;
				SWIFT_OPTIMIZATION_LEVEL = "-Onone";
			};
			name = Debug;
		};
		F2068CF52B0C53160099EBED /* Release */ = {
			isa = XCBuildConfiguration;
			buildSettings = {
				ALWAYS_SEARCH_USER_PATHS = NO;
				CLANG_ANALYZER_NONNULL = YES;
				CLANG_ANALYZER_NUMBER_OBJECT_CONVERSION = YES_AGGRESSIVE;
				CLANG_CXX_LANGUAGE_STANDARD = "gnu++20";
				CLANG_ENABLE_MODULES = YES;
				CLANG_ENABLE_OBJC_ARC = YES;
				CLANG_ENABLE_OBJC_WEAK = YES;
				CLANG_WARN_BLOCK_CAPTURE_AUTORELEASING = YES;
				CLANG_WARN_BOOL_CONVERSION = YES;
				CLANG_WARN_COMMA = YES;
				CLANG_WARN_CONSTANT_CONVERSION = YES;
				CLANG_WARN_DEPRECATED_OBJC_IMPLEMENTATIONS = YES;
				CLANG_WARN_DIRECT_OBJC_ISA_USAGE = YES_ERROR;
				CLANG_WARN_DOCUMENTATION_COMMENTS = YES;
				CLANG_WARN_EMPTY_BODY = YES;
				CLANG_WARN_ENUM_CONVERSION = YES;
				CLANG_WARN_INFINITE_RECURSION = YES;
				CLANG_WARN_INT_CONVERSION = YES;
				CLANG_WARN_NON_LITERAL_NULL_CONVERSION = YES;
				CLANG_WARN_OBJC_IMPLICIT_RETAIN_SELF = YES;
				CLANG_WARN_OBJC_LITERAL_CONVERSION = YES;
				CLANG_WARN_OBJC_ROOT_CLASS = YES_ERROR;
				CLANG_WARN_QUOTED_INCLUDE_IN_FRAMEWORK_HEADER = YES;
				CLANG_WARN_RANGE_LOOP_ANALYSIS = YES;
				CLANG_WARN_STRICT_PROTOTYPES = YES;
				CLANG_WARN_SUSPICIOUS_MOVE = YES;
				CLANG_WARN_UNGUARDED_AVAILABILITY = YES_AGGRESSIVE;
				CLANG_WARN_UNREACHABLE_CODE = YES;
				CLANG_WARN__DUPLICATE_METHOD_MATCH = YES;
				COPY_PHASE_STRIP = NO;
				DEBUG_INFORMATION_FORMAT = "dwarf-with-dsym";
				ENABLE_NS_ASSERTIONS = NO;
				ENABLE_STRICT_OBJC_MSGSEND = YES;
				GCC_C_LANGUAGE_STANDARD = gnu11;
				GCC_NO_COMMON_BLOCKS = YES;
				GCC_WARN_64_TO_32_BIT_CONVERSION = YES;
				GCC_WARN_ABOUT_RETURN_TYPE = YES_ERROR;
				GCC_WARN_UNDECLARED_SELECTOR = YES;
				GCC_WARN_UNINITIALIZED_AUTOS = YES_AGGRESSIVE;
				GCC_WARN_UNUSED_FUNCTION = YES;
				GCC_WARN_UNUSED_VARIABLE = YES;
				IPHONEOS_DEPLOYMENT_TARGET = 16.4;
				MTL_ENABLE_DEBUG_INFO = NO;
				MTL_FAST_MATH = YES;
				SDKROOT = iphoneos;
				SWIFT_COMPILATION_MODE = wholemodule;
				SWIFT_OPTIMIZATION_LEVEL = "-O";
				VALIDATE_PRODUCT = YES;
			};
			name = Release;
		};
		F2068CF72B0C53160099EBED /* Debug */ = {
			isa = XCBuildConfiguration;
			buildSettings = {
				ASSETCATALOG_COMPILER_APPICON_NAME = AppIcon;
				ASSETCATALOG_COMPILER_GLOBAL_ACCENT_COLOR_NAME = AccentColor;
				CODE_SIGN_STYLE = Automatic;
				CURRENT_PROJECT_VERSION = 1;
				DEVELOPMENT_ASSET_PATHS = "\"Yoked Test full/Preview Content\"";
				ENABLE_PREVIEWS = YES;
				GENERATE_INFOPLIST_FILE = YES;
				INFOPLIST_KEY_UIApplicationSceneManifest_Generation = YES;
				INFOPLIST_KEY_UIApplicationSupportsIndirectInputEvents = YES;
				INFOPLIST_KEY_UILaunchScreen_Generation = YES;
				INFOPLIST_KEY_UISupportedInterfaceOrientations_iPad = "UIInterfaceOrientationPortrait UIInterfaceOrientationPortraitUpsideDown UIInterfaceOrientationLandscapeLeft UIInterfaceOrientationLandscapeRight";
				INFOPLIST_KEY_UISupportedInterfaceOrientations_iPhone = "UIInterfaceOrientationPortrait UIInterfaceOrientationLandscapeLeft UIInterfaceOrientationLandscapeRight";
				LD_RUNPATH_SEARCH_PATHS = (
					"$(inherited)",
					"@executable_path/Frameworks",
				);
				MARKETING_VERSION = 1.0;
				PRODUCT_BUNDLE_IDENTIFIER = "schmidtAidan-com.example.Yoked-Test-full";
				PRODUCT_NAME = "$(TARGET_NAME)";
				SWIFT_EMIT_LOC_STRINGS = YES;
				SWIFT_VERSION = 5.0;
				TARGETED_DEVICE_FAMILY = "1,2";
			};
			name = Debug;
		};
		F2068CF82B0C53160099EBED /* Release */ = {
			isa = XCBuildConfiguration;
			buildSettings = {
				ASSETCATALOG_COMPILER_APPICON_NAME = AppIcon;
				ASSETCATALOG_COMPILER_GLOBAL_ACCENT_COLOR_NAME = AccentColor;
				CODE_SIGN_STYLE = Automatic;
				CURRENT_PROJECT_VERSION = 1;
				DEVELOPMENT_ASSET_PATHS = "\"Yoked Test full/Preview Content\"";
				ENABLE_PREVIEWS = YES;
				GENERATE_INFOPLIST_FILE = YES;
				INFOPLIST_KEY_UIApplicationSceneManifest_Generation = YES;
				INFOPLIST_KEY_UIApplicationSupportsIndirectInputEvents = YES;
				INFOPLIST_KEY_UILaunchScreen_Generation = YES;
				INFOPLIST_KEY_UISupportedInterfaceOrientations_iPad = "UIInterfaceOrientationPortrait UIInterfaceOrientationPortraitUpsideDown UIInterfaceOrientationLandscapeLeft UIInterfaceOrientationLandscapeRight";
				INFOPLIST_KEY_UISupportedInterfaceOrientations_iPhone = "UIInterfaceOrientationPortrait UIInterfaceOrientationLandscapeLeft UIInterfaceOrientationLandscapeRight";
				LD_RUNPATH_SEARCH_PATHS = (
					"$(inherited)",
					"@executable_path/Frameworks",
				);
				MARKETING_VERSION = 1.0;
				PRODUCT_BUNDLE_IDENTIFIER = "schmidtAidan-com.example.Yoked-Test-full";
				PRODUCT_NAME = "$(TARGET_NAME)";
				SWIFT_EMIT_LOC_STRINGS = YES;
				SWIFT_VERSION = 5.0;
				TARGETED_DEVICE_FAMILY = "1,2";
			};
			name = Release;
		};
/* End XCBuildConfiguration section */

/* Begin XCConfigurationList section */
		F2068CE32B0C53130099EBED /* Build configuration list for PBXProject "Yoked Test full" */ = {
			isa = XCConfigurationList;
			buildConfigurations = (
				F2068CF42B0C53160099EBED /* Debug */,
				F2068CF52B0C53160099EBED /* Release */,
			);
			defaultConfigurationIsVisible = 0;
			defaultConfigurationName = Release;
		};
		F2068CF62B0C53160099EBED /* Build configuration list for PBXNativeTarget "Yoked Test full" */ = {
			isa = XCConfigurationList;
			buildConfigurations = (
				F2068CF72B0C53160099EBED /* Debug */,
				F2068CF82B0C53160099EBED /* Release */,
			);
			defaultConfigurationIsVisible = 0;
			defaultConfigurationName = Release;
		};
/* End XCConfigurationList section */
	};
	rootObject = F2068CE02B0C53130099EBED /* Project object */;
}
